
Microsoft Visual Studio Solution File, Format Version 12.00
# Visual Studio Version 16
VisualStudioVersion = 16.0.28729.10
MinimumVisualStudioVersion = 10.0.40219.1
Project("{9A19103F-16F7-4668-BE54-9A1E7A4F7556}") = "CCharp.Net Intermedio Tarea 1", "CCharp.Net Intermedio Tarea 1- Ejercicio 1\CCharp.Net Intermedio Tarea 1.csproj", "{2F251FBC-FE8C-478C-A31E-292603DC6DE3}"
EndProject
Global
	GlobalSection(SolutionConfigurationPlatforms) = preSolution
		Debug|Any CPU = Debug|Any CPU
		Release|Any CPU = Release|Any CPU
	EndGlobalSection
	GlobalSection(ProjectConfigurationPlatforms) = postSolution
		{2F251FBC-FE8C-478C-A31E-292603DC6DE3}.Debug|Any CPU.ActiveCfg = Debug|Any CPU
		{2F251FBC-FE8C-478C-A31E-292603DC6DE3}.Debug|Any CPU.Build.0 = Debug|Any CPU
		{2F251FBC-FE8C-478C-A31E-292603DC6DE3}.Release|Any CPU.ActiveCfg = Release|Any CPU
		{2F251FBC-FE8C-478C-A31E-292603DC6DE3}.Release|Any CPU.Build.0 = Release|Any CPU
	EndGlobalSection
	GlobalSection(SolutionProperties) = preSolution
		HideSolutionNode = FALSE
	EndGlobalSection
	GlobalSection(ExtensibilityGlobals) = postSolution
		SolutionGuid = {9280D614-C821-4A7E-A882-7079DF4F203D}
	EndGlobalSection
EndGlobal
